github.com/beorn7/perks v1.0.1 h1:VlbKKnNfV8bJzeqoa4cOKqO6bYr3WgKZxO8Z16+hsOM=
github.com/beorn7/perks v1.0.1/go.mod h1:G2ZrVWU2WbWT9wwq4/hrbKbnv/1ERSJQ0ibhJ6rlkpw=
github.com/cespare/xxhash/v2 v2.3.0 h1:UL815xU9SqsFlibzuggzjXhog7bL6oX9BbNZnL2UFvs=
github.com/cespare/xxhash/v2 v2.3.0/go.mod h1:VGX0DQ3Q6kWi7AoAeZDth3/j3BFtOZR5XLFGgcrjCOs=
github.com/davecgh/go-spew v1.1.1 h1:vj9j/u1bqnvCEfJOwUhtlOARqs3+rkHYY13jYWTU97c=
github.com/davecgh/go-spew v1.1.1/go.mod h1:J7Y8YcW2NihsgmVo/mv3lAwl/skON4iLHjSsI+c5H38=
github.com/dustin/go-humanize v1.0.1 h1:GzkhY7T5VNhEkwH0PVJgjz+fX1rhBrR7pRT3mDkpeCY=
github.com/dustin/go-humanize v1.0.1/go.mod h1:Mu1zIs6XwVuF/gI1OepvI0qD18qycQx+mFykh5fBlto=
github.com/emicklei/proto v1.13.2 h1:z/etSFO3uyXeuEsVPzfl56WNgzcvIr42aQazXaQmFZY=
github.com/emicklei/proto v1.13.2/go.mod h1:rn1FgRS/FANiZdD2djyH7TMA9jdRDcYQ9IEN9yvjX0A=
github.com/golang/protobuf v1.5.4 h1:i7eJL8qZTpSEXOPTxNKhASYpMn+8e5Q6AdndVa1dWek=
github.com/golang/protobuf v1.5.4/go.mod h1:lnTiLA8Wa4RWRcIUkrtSVa5nRhsEGBg48fD6rSs7xps=
github.com/google/go-cmp v0.6.0 h1:ofyhxvXcZhMsU5ulbFiLKl/XBFqE1GSq7atu8tAmTRI=
github.com/google/go-cmp v0.6.0/go.mod h1:17dUlkBOakJ0+DkrSSNjCkIjxS6bF9zb3elmeNGIjoY=
github.com/grafana/pyroscope-go v1.1.2 h1:7vCfdORYQMCxIzI3NlYAs3FcBP760+gWuYWOyiVyYx8=
github.com/grafana/pyroscope-go v1.1.2/go.mod h1:HSSmHo2KRn6FasBA4vK7BMiQqyQq8KSuBKvrhkXxYPU=
github.com/grafana/pyroscope-go/godeltaprof v0.1.8 h1:iwOtYXeeVSAeYefJNaxDytgjKtUuKQbJqgAIjlnicKg=
github.com/grafana/pyroscope-go/godeltaprof v0.1.8/go.mod h1:2+l7K7twW49Ct4wFluZD3tZ6e0SjanjcUUBPVD/UuGU=
github.com/klauspost/compress v1.17.9 h1:6KIumPrER1LHsvBVuDa0r5xaG0Es51mhhB9BQB2qeMA=
github.com/klauspost/compress v1.17.9/go.mod h1:Di0epgTjJY877eYKx5yC51cX2A2Vl2ibi7bDH9ttBbw=
github.com/kr/pretty v0.3.1 h1:flRD4NNwYAUpkphVc1HcthR4KEIFJ65n8Mw5qdRn3LE=
github.com/kr/pretty v0.3.1/go.mod h1:hoEshYVHaxMs3cyo3Yncou5ZscifuDolrwPKZanG3xk=
github.com/kr/text v0.2.0 h1:5Nx0Ya0ZqY2ygV366QzturHI13Jq95ApcVaJBhpS+AY=
github.com/kr/text v0.2.0/go.mod h1:eLer722TekiGuMkidMxC/pM04lWEeraHUUmBw8l2grE=
github.com/munnerz/goautoneg v0.0.0-20191010083416-a7dc8b61c822 h1:C3w9PqII01/Oq1c1nUAm88MOHcQC9l5mIlSMApZMrHA=
github.com/munnerz/goautoneg v0.0.0-20191010083416-a7dc8b61c822/go.mod h1:+n7T8mK8HuQTcFwEeznm/DIxMOiR9yIdICNftLE1DvQ=
github.com/prometheus/client_golang v1.19.1 h1:wZWJDwK+NameRJuPGDhlnFgx8e8HN3XHQeLaYJFJBOE=
github.com/prometheus/client_golang v1.19.1/go.mod h1:mP78NwGzrVks5S2H6ab8+ZZGJLZUq1hoULYBAYBw1Ho=
github.com/prometheus/client_model v0.6.1 h1:ZKSh/rekM+n3CeS952MLRAdFwIKqeY8b62p8ais2e9E=
github.com/prometheus/client_model v0.6.1/go.mod h1:OrxVMOVHjw3lKMa8+x6HeMGkHMQyHDk9E3jmP2AmGiY=
github.com/prometheus/common v0.55.0 h1:KEi6DK7lXW/m7Ig5i47x0vRzuBsHuvJdi5ee6Y3G1dc=
github.com/prometheus/common v0.55.0/go.mod h1:2SECS4xJG1kd8XF9IcM1gMX6510RAEL65zxzNImwdc8=
github.com/prometheus/procfs v0.15.1 h1:YagwOFzUgYfKKHX6Dr+sHT7km/hxC76UB0learggepc=
github.com/prometheus/procfs v0.15.1/go.mod h1:fB45yRUv8NstnjriLhBQLuOUt+WW4BsoGhij/e3PBqk=
github.com/rogpeppe/go-internal v1.10.0 h1:TMyTOH3F/DB16zRVcYyreMH6GnZZrwQVAoYjRBZyWFQ=
github.com/rogpeppe/go-internal v1.10.0/go.mod h1:UQnix2H7Ngw/k4C5ijL5+65zddjncjaFoBhdsK/akog=
golang.conradwood.net/apis/auth v1.1.3015 h1:JKNh2bhmrVw/R74abyKw7dru8WAZ3b6a8U1BCuNDfZ8=
golang.conradwood.net/apis/auth v1.1.3015/go.mod h1:38lz477hRGP6fehkPDO/YkXc3dZ+mgE/p+ktWT3GQv4=
golang.conradwood.net/apis/autodeployer v1.1.3015 h1:nJj4WqLuBBlSMmXt2BMyNSOuZVh1uVG+QPuRi4v4Y0w=
golang.conradwood.net/apis/autodeployer v1.1.3015/go.mod h1:ufug3Z4WrYSD5yVynGxarBkpTXmiFl0s1GfLWoBPMLk=
golang.conradwood.net/apis/common v1.1.3015 h1:hs2yHIK+qNsqnROp493EAVqHhRd+gc8J+jOd2v5ocNY=
golang.conradwood.net/apis/common v1.1.3015/go.mod h1:55NJvGVlq0QShPFa9qhRQQmva907IthcdXSaGC0Rg7A=
golang.conradwood.net/apis/deploymonkey v1.1.3015 h1:ZstSA674DVqRtO5/mjBOfH4pJ3EUvaqwLTP4hLt91/s=
golang.conradwood.net/apis/deploymonkey v1.1.3015/go.mod h1:OIAqeTmM1+1+Mf2OA+8GrFcaHYyLGr/PSdzIhf7PZkc=
golang.conradwood.net/apis/echoservice v1.1.3015 h1:/5dxCLyfH7PiGd0Zs9Ij1sngZRM7vmbkZ01zua8tZsE=
golang.conradwood.net/apis/echoservice v1.1.3015/go.mod h1:+xRR0mCeP6I1Q4Pmzm7p2eM5EnC+K8Hm1cDriduWw+M=
golang.conradwood.net/apis/errorlogger v1.1.3015 h1:jU+u7/KxA4HlBTyD4gXyi6jaO5b//y+QbbL9b4v5jHs=
golang.conradwood.net/apis/errorlogger v1.1.3015/go.mod h1:08OUMVYAruyKzhu0shE5Tt/alvgzF/slrGAGOK9xAqk=
golang.conradwood.net/apis/framework v1.1.3015 h1:rY2zo5uJqnsx6vw6ok4dUEFO8aTdlPsqCU0mzIfC5RQ=
golang.conradwood.net/apis/framework v1.1.3015/go.mod h1:uSivwCN9zXlzAUxlw/aPFJ5eG882udF3N26pkKFe+oc=
golang.conradwood.net/apis/goeasyops v1.1.3015 h1:2vI/BQrqrclmJ4Xt7RlXafrW4H2XbaSajpnxhOnPzgY=
golang.conradwood.net/apis/goeasyops v1.1.3015/go.mod h1:GAJIbQZuCu9CpoVEH8gM2UUCrS5mB96jQbBUfw5N7aQ=
golang.conradwood.net/apis/grafanadata v1.1.3015 h1:oXCI+NSKZxv3GzFe/fXrqRKEZFt9TkxIjjz79Rpa7jM=
golang.conradwood.net/apis/grafanadata v1.1.3015/go.mod h1:8IERu9KZHj1JLyDFcOVHKop+w7EGVMHWxSCcwLtlLP8=
golang.conradwood.net/apis/objectstore v1.1.3015 h1:U4bcGnvgnVcaRZQ8XyAP4fkknFDlCMdsUn7stKbsxVw=
golang.conradwood.net/apis/objectstore v1.1.3015/go.mod h1:ddmJT0LdB4GnXxicJ2+nLmTesUc7O/pqGBWPzY8xYBE=
golang.conradwood.net/apis/registry v1.1.3015 h1:sT3cf33bsmdGjRdDSHiedzEzYRjBGd6kPrm8Bp656mE=
golang.conradwood.net/apis/registry v1.1.3015/go.mod h1:rVZ1sgPxGQNd2VOBIcteadu8MZiRXsUnpdJKPE4dPw0=
golang.conradwood.net/go-easyops v0.1.28515 h1:IUE71HRftS2k6HgUcTVVPOPLYEGlaM7gwFUsUxMzLmo=
golang.conradwood.net/go-easyops v0.1.28515/go.mod h1:02KmReDa6G8sTKCcP6Wc8mhh4FVVDgDVNqDBDzvEtn4=
golang.org/x/net v0.28.0 h1:a9JDOJc5GMUJ0+UDqmLT86WiEy7iWyIhz8gz8E4e5hE=
golang.org/x/net v0.28.0/go.mod h1:yqtgsTWOOnlGLG9GFRrK3++bGOUEkNBoHZc8MEDWPNg=
golang.org/x/sys v0.24.0 h1:Twjiwq9dn6R1fQcyiK+wQyHWfaz/BJB+YIpzU/Cv3Xg=
golang.org/x/sys v0.24.0/go.mod h1:/VUhepiaJMQUp4+oa/7Zr1D23ma6VTLIYjOOTFZPUcA=
golang.org/x/text v0.17.0 h1:XtiM5bkSOt+ewxlOE/aE/AKEHibwj/6gvWMl9Rsh0Qc=
golang.org/x/text v0.17.0/go.mod h1:BuEKDfySbSR4drPmRPG/7iBdf8hvFMuRexcpahXilzY=
golang.yacloud.eu/apis/autodeployer2 v1.1.3015 h1:vJgnVOqTPV412JYPSElr3nEAFfgECLUKqfcRHk/99Jg=
golang.yacloud.eu/apis/autodeployer2 v1.1.3015/go.mod h1:zfsA8Vfc7u/0Ld8b0lyjXmcmfeJZWPNofczhAaQfDIw=
golang.yacloud.eu/apis/fscache v1.1.3015 h1:bkc4xMUyAsvtt6ErCPXfhrssXJcgErWNEcEEWTam2NU=
golang.yacloud.eu/apis/fscache v1.1.3015/go.mod h1:moeUekw3jaMaYoHKT2OEE9FYTuK6Y5eeIQkyeAtZYSQ=
golang.yacloud.eu/apis/session v1.1.3015 h1:f15kUWvN3Mg7yqEz+fBzEatm0BkUdYUiGcNaIPlM5TA=
golang.yacloud.eu/apis/session v1.1.3015/go.mod h1:bb2TZTC6+SlbqNYq40OPHuXnGxipQSr2lG4dMN1awbc=
golang.yacloud.eu/apis/unixipc v1.1.3015 h1:uQeFcphu7SXIynmxAAwskJqImTjZXz2n+WJOI4HCMHM=
golang.yacloud.eu/apis/unixipc v1.1.3015/go.mod h1:VNTL0q2Kdsp11T0R0x6NP/ZukrZ2Hge0fsum6ElLDpM=
golang.yacloud.eu/apis/urlcacher v1.1.3015 h1:/RaIPTe/bOpZ/x/lt90A+WstUVyPHmfQxWSEhUb3QOo=
golang.yacloud.eu/apis/urlcacher v1.1.3015/go.mod h1:+hJ46jtxcGTbUCsqmosyORW75RwMW6KFkGmpz1FM1Rs=
golang.yacloud.eu/unixipc v0.1.26852 h1:bKxdKQVBTcuzgPuUv0ZUHui44Ys3KY+gOBTQ5m5S60s=
golang.yacloud.eu/unixipc v0.1.26852/go.mod h1:BboKEBCyQzeXbtXowwSLV9U+wI32wq49ZVs72+uO/ZI=
google.golang.org/genproto/googleapis/rpc v0.0.0-20240528184218-531527333157 h1:Zy9XzmMEflZ/MAaA7vNcoebnRAld7FsPW1EeBB7V0m8=
google.golang.org/genproto/googleapis/rpc v0.0.0-20240528184218-531527333157/go.mod h1:EfXuqaE1J41VCDicxHzUDm+8rk+7ZdXzHV0IhO/I6s0=
google.golang.org/grpc v1.65.0 h1:bs/cUb4lp1G5iImFFd3u5ixQzweKizoZJAwBNLR42lc=
google.golang.org/grpc v1.65.0/go.mod h1:WgYC2ypjlB0EiQi6wdKixMqukr6lBc0Vo+oOgjrM5ZQ=
google.golang.org/protobuf v1.34.2 h1:6xV6lTsCfpGD21XK49h7MhtcApnLqkfYgPcdHftf6hg=
google.golang.org/protobuf v1.34.2/go.mod h1:qYOHts0dSfpeUzUFpOMr/WGzszTmLH+DiWniOlNbLDw=
gopkg.in/check.v1 v0.0.0-20161208181325-20d25e280405/go.mod h1:Co6ibVJAznAaIkqp8huTwlJQCZ016jof/cbN4VW5Yz0=
gopkg.in/check.v1 v1.0.0-20201130134442-10cb98267c6c h1:Hei/4ADfdWqJk1ZMxUNpqntNwaWcugrBjAiHlqqRiVk=
gopkg.in/check.v1 v1.0.0-20201130134442-10cb98267c6c/go.mod h1:JHkPIbrfpd72SG/EVd6muEfDQjcINNoR0C8j2r3qZ4Q=
gopkg.in/yaml.v2 v2.4.0 h1:D8xgwECY7CYvx+Y2n4sBz93Jn9JRvxdiyyo8CTfuKaY=
gopkg.in/yaml.v2 v2.4.0/go.mod h1:RDklbk79AGWmwhnvt/jBztapEOGDOx6ZbXqjP6csGnQ=
gopkg.in/yaml.v3 v3.0.1 h1:fxVm/GzAzEWqLHuvctI91KS9hhNmmWOoWu0XTYJS7CA=
gopkg.in/yaml.v3 v3.0.1/go.mod h1:K4uyk7z7BCEPqu6E+C64Yfv1cQ7kz7rIZviUmN+EgEM=
